
Microsoft Visual Studio Solution File, Format Version 12.00
# Visual Studio Version 16
VisualStudioVersion = 16.0.29102.190
MinimumVisualStudioVersion = 10.0.40219.1
Project("{9A19103F-16F7-4668-BE54-9A1E7A4F7556}") = "ConsoleApp1", "ConsoleApp1\ConsoleApp1.csproj", "{2CA852A6-1359-42E4-AF4A-8FA29D7593EF}"
EndProject
Global
	GlobalSection(SolutionConfigurationPlatforms) = preSolution
		Debug|Any CPU = Debug|Any CPU
		Release|Any CPU = Release|Any CPU
	EndGlobalSection
	GlobalSection(ProjectConfigurationPlatforms) = postSolution
		{2CA852A6-1359-42E4-AF4A-8FA29D7593EF}.Debug|Any CPU.ActiveCfg = Debug|Any CPU
		{2CA852A6-1359-42E4-AF4A-8FA29D7593EF}.Debug|Any CPU.Build.0 = Debug|Any CPU
		{2CA852A6-1359-42E4-AF4A-8FA29D7593EF}.Release|Any CPU.ActiveCfg = Release|Any CPU
		{2CA852A6-1359-42E4-AF4A-8FA29D7593EF}.Release|Any CPU.Build.0 = Release|Any CPU
	EndGlobalSection
	GlobalSection(SolutionProperties) = preSolution
		HideSolutionNode = FALSE
	EndGlobalSection
	GlobalSection(ExtensibilityGlobals) = postSolution
		SolutionGuid = {B10B6602-D555-48E9-A37F-CAC82B9EE333}
	EndGlobalSection
EndGlobal
